
Microsoft Visual Studio Solution File, Format Version 12.00
# Visual Studio Version 17
VisualStudioVersion = 17.9.34622.214
MinimumVisualStudioVersion = 10.0.40219.1
Project("{FAE04EC0-301F-11D3-BF4B-00C04F79EFBC}") = "JJangGoo05", "JJangGoo05\JJangGoo05.csproj", "{DCDAE5E1-409D-4072-B1A8-139E1AD6A708}"
EndProject
Global
	GlobalSection(SolutionConfigurationPlatforms) = preSolution
		Debug|Any CPU = Debug|Any CPU
		Release|Any CPU = Release|Any CPU
	EndGlobalSection
	GlobalSection(ProjectConfigurationPlatforms) = postSolution
		{DCDAE5E1-409D-4072-B1A8-139E1AD6A708}.Debug|Any CPU.ActiveCfg = Debug|Any CPU
		{DCDAE5E1-409D-4072-B1A8-139E1AD6A708}.Debug|Any CPU.Build.0 = Debug|Any CPU
		{DCDAE5E1-409D-4072-B1A8-139E1AD6A708}.Release|Any CPU.ActiveCfg = Release|Any CPU
		{DCDAE5E1-409D-4072-B1A8-139E1AD6A708}.Release|Any CPU.Build.0 = Release|Any CPU
	EndGlobalSection
	GlobalSection(SolutionProperties) = preSolution
		HideSolutionNode = FALSE
	EndGlobalSection
	GlobalSection(ExtensibilityGlobals) = postSolution
		SolutionGuid = {33EFF3AB-7783-41DE-910E-1CA7AFFEE20F}
	EndGlobalSection
EndGlobal
